
Microsoft Visual Studio Solution File, Format Version 12.00
# Visual Studio Version 16
VisualStudioVersion = 16.0.31702.278
MinimumVisualStudioVersion = 10.0.40219.1
Project("{FAE04EC0-301F-11D3-BF4B-00C04F79EFBC}") = "лаба 3", "лаба 3\лаба 3.csproj", "{7C844894-EE2B-4797-97FF-8E45A116B958}"
EndProject
Global
	GlobalSection(SolutionConfigurationPlatforms) = preSolution
		Debug|Any CPU = Debug|Any CPU
		Release|Any CPU = Release|Any CPU
	EndGlobalSection
	GlobalSection(ProjectConfigurationPlatforms) = postSolution
		{7C844894-EE2B-4797-97FF-8E45A116B958}.Debug|Any CPU.ActiveCfg = Debug|Any CPU
		{7C844894-EE2B-4797-97FF-8E45A116B958}.Debug|Any CPU.Build.0 = Debug|Any CPU
		{7C844894-EE2B-4797-97FF-8E45A116B958}.Release|Any CPU.ActiveCfg = Release|Any CPU
		{7C844894-EE2B-4797-97FF-8E45A116B958}.Release|Any CPU.Build.0 = Release|Any CPU
	EndGlobalSection
	GlobalSection(SolutionProperties) = preSolution
		HideSolutionNode = FALSE
	EndGlobalSection
	GlobalSection(ExtensibilityGlobals) = postSolution
		SolutionGuid = {109C6BDB-CB72-4095-A36F-0B80BA164EEB}
	EndGlobalSection
EndGlobal
